<?xml version="1.0" encoding="utf-8"?>
<Project ToolsVersion="4.0" xmlns="http://schemas.microsoft.com/developer/msbuild/2003">
  <ItemGroup>
    <ClCompile Include="Geometries\Rect.cpp" />
    <ClCompile Include="Renders\IA\IndexBuffer.cpp" />
    <ClCompile Include="Renders\IA\InputLayout.cpp" />
    <ClCompile Include="Renders\IA\VertexBuffer.cpp" />
    <ClCompile Include="Renders\Shaders\IShader.cpp" />
    <ClCompile Include="Renders\Shaders\PixelShader.cpp" />
    <ClCompile Include="Renders\Shaders\VertexShader.cpp" />
    <ClCompile Include="Systems\Graphics.cpp" />
    <ClCompile Include="Systems\Keyboard.cpp" />
    <ClCompile Include="Systems\Window.cpp" />
    <ClCompile Include="Framework.cpp" />
    <ClCompile Include="Utilities\Gui.cpp" />
    <ClCompile Include="Systems\Mouse.cpp" />
    <ClCompile Include="Systems\Time.cpp" />
    <ClCompile Include="Geometries\TextureRect.cpp" />
    <ClCompile Include="Geometries\TextureFilterRect.cpp" />
    <ClCompile Include="Geometries\ShadedTexture.cpp" />
    <ClCompile Include="Utilities\RenderTexture.cpp" />
    <ClCompile Include="Utilities\DirectHelpers.cpp" />
    <ClCompile Include="Geometries\BlurredTexture.cpp" />
    <ClCompile Include="Utilities\Path.cpp" />
    <ClCompile Include="Utilities\String.cpp" />
    <ClCompile Include="Renders\Resources\VertexTypes.cpp" />
    <ClCompile Include="Renders\States.cpp" />
    <ClCompile Include="Renders\Resources\Texture2D.cpp" />
    <ClCompile Include="Utilities\BoundingBox.cpp" />
    <ClCompile Include="Utilities\Animator.cpp" />
    <ClCompile Include="Geometries\AnimationRect.cpp" />
    <ClCompile Include="Geometries\OBBRect.cpp" />
    <ClCompile Include="Geometries\AnimationRect2.cpp" />
    <ClCompile Include="Game\Character.cpp" />
    <ClCompile Include="Game\Ataho.cpp" />
    <ClCompile Include="Geometries\TileMap.cpp" />
    <ClCompile Include="Systems\Camera.cpp" />
    <ClCompile Include="Game\TMap.cpp" />
    <ClCompile Include="Game\TileSet.cpp" />
    <ClCompile Include="Utilities\FileStream.cpp" />
    <ClCompile Include="Game\Tile.cpp" />
    <ClCompile Include="Utilities\Json.cpp" />
    <ClCompile Include="Game\GameObject.cpp" />
    <ClCompile Include="Game\Transform.cpp" />
    <ClCompile Include="Utilities\CollisionBox.cpp" />
    <ClCompile Include="Utilities\ObjectPool.cpp" />
    <ClCompile Include="Game\GameObjectManager.cpp" />
    <ClCompile Include="Game\RenderManager.cpp" />
    <ClCompile Include="Effects\Dissolve.cpp" />
    <ClCompile Include="Effects\NormalBlur.cpp" />
    <ClCompile Include="Geometries\IntegratedRect.cpp" />
    <ClCompile Include="Utilities\ShaderCreator.cpp" />
    <ClCompile Include="Utilities\TextureCreator.cpp" />
    <ClCompile Include="Utilities\UpdateDispatcher.cpp" />
    <ClCompile Include="UI\Button.cpp" />
    <ClCompile Include="UI\Pannel.cpp" />
    <ClCompile Include="UI\UIElement.cpp" />
    <ClCompile Include="UI\ProgressBar.cpp" />
    <ClCompile Include="Game\CameraShake.cpp" />
    <ClCompile Include="MySQL\CMysql.cpp" />
    <ClCompile Include="MySQL\LogManager.cpp" />
  </ItemGroup>
  <ItemGroup>
    <ClInclude Include="Geometries\Rect.h" />
    <ClInclude Include="Renders\IA\IndexBuffer.h" />
    <ClInclude Include="Renders\IA\InputLayout.h" />
    <ClInclude Include="Renders\IA\VertexBuffer.h" />
    <ClInclude Include="Renders\Shaders\IShader.h" />
    <ClInclude Include="Renders\Shaders\PixelShader.h" />
    <ClInclude Include="Renders\Shaders\VertexShader.h" />
    <ClInclude Include="Systems\Graphics.h" />
    <ClInclude Include="Systems\Keyboard.h" />
    <ClInclude Include="Systems\Window.h" />
    <ClInclude Include="Utilities\SingletonBase.h" />
    <ClInclude Include="Framework.h" />
    <ClInclude Include="Interfaces\IObject.h" />
    <ClInclude Include="Utilities\Gui.h" />
    <ClInclude Include="Systems\Mouse.h" />
    <ClInclude Include="Systems\Time.h" />
    <ClInclude Include="Geometries\TextureRect.h" />
    <ClInclude Include="Geometries\TextureFilterRect.h" />
    <ClInclude Include="Geometries\ShadedTexture.h" />
    <ClInclude Include="Utilities\RenderTexture.h" />
    <ClInclude Include="Utilities\DirectHelpers.h" />
    <ClInclude Include="Geometries\BlurredTexture.h" />
    <ClInclude Include="Utilities\Path.h" />
    <ClInclude Include="Utilities\String.h" />
    <ClInclude Include="Renders\Resources\GlobalBuffer.h" />
    <ClInclude Include="Renders\Resources\ShaderBuffer.h" />
    <ClInclude Include="Renders\Resources\VertexTypes.h" />
    <ClInclude Include="Renders\States.h" />
    <ClInclude Include="Renders\Resources\Texture2D.h" />
    <ClInclude Include="Utilities\BoundingBox.h" />
    <ClInclude Include="Utilities\Animator.h" />
    <ClInclude Include="Geometries\AnimationRect.h" />
    <ClInclude Include="Geometries\OBBRect.h" />
    <ClInclude Include="Geometries\AnimationRect2.h" />
    <ClInclude Include="Game\Character.h" />
    <ClInclude Include="Game\Ataho.h" />
    <ClInclude Include="Geometries\TileMap.h" />
    <ClInclude Include="Systems\Camera.h" />
    <ClInclude Include="Game\TMap.h" />
    <ClInclude Include="Game\TileSet.h" />
    <ClInclude Include="Utilities\FileStream.h" />
    <ClInclude Include="Game\Tile.h" />
    <ClInclude Include="Utilities\Json.h" />
    <ClInclude Include="Game\GameObject.h" />
    <ClInclude Include="Game\Transform.h" />
    <ClInclude Include="Utilities\CollisionBox.h" />
    <ClInclude Include="Utilities\ObjectPool.h" />
    <ClInclude Include="Game\GameObjectManager.h" />
    <ClInclude Include="Game\RenderManager.h" />
    <ClInclude Include="Effects\Dissolve.h" />
    <ClInclude Include="Effects\NormalBlur.h" />
    <ClInclude Include="Utilities\Layers.h" />
    <ClInclude Include="ShaderBuffers\AlphaBuffer.h" />
    <ClInclude Include="ShaderBuffers\ColorBuffer.h" />
    <ClInclude Include="Geometries\IntegratedRect.h" />
    <ClInclude Include="Utilities\cpplinq.hpp" />
    <ClInclude Include="Utilities\ShaderCreator.h" />
    <ClInclude Include="Utilities\TextureCreator.h" />
    <ClInclude Include="ShaderBuffers\UIElementBuffer.h" />
    <ClInclude Include="Utilities\UpdateDispatcher.h" />
    <ClInclude Include="UI\Button.h" />
    <ClInclude Include="UI\Pannel.h" />
    <ClInclude Include="UI\UIElement.h" />
    <ClInclude Include="ShaderBuffers\ProgressBuffer.h" />
    <ClInclude Include="UI\ProgressBar.h" />
    <ClInclude Include="Utilities\BrainTree.h" />
    <ClInclude Include="Game\CameraShake.h" />
    <ClInclude Include="MySQL\CMysql.h" />
    <ClInclude Include="MySQL\LogManager.h" />
    <ClInclude Include="Utilities\ThreadSafeObjectPool.hpp" />
  </ItemGroup>
</Project>